
Microsoft Visual Studio Solution File, Format Version 12.00
# Visual Studio 14
VisualStudioVersion = 14.0.23107.0
MinimumVisualStudioVersion = 10.0.40219.1
Project("{8BC9CEB8-8B4A-11D0-8D11-00A0C91BC942}") = "BreadthFirstSearch", "BreadthFirstSearch\BreadthFirstSearch.vcxproj", "{83ECCDEC-A8FC-4953-BA1B-C88F98826539}"
EndProject
Project("{8BC9CEB8-8B4A-11D0-8D11-00A0C91BC942}") = "NumberOperations", "NumbersOperations\NumbersOperations.vcxproj", "{791F362F-3BFE-4172-9A89-B24E3E4153CC}"
EndProject
Global
	GlobalSection(SolutionConfigurationPlatforms) = preSolution
		Debug|x64 = Debug|x64
		Debug|x86 = Debug|x86
		Release|x64 = Release|x64
		Release|x86 = Release|x86
	EndGlobalSection
	GlobalSection(ProjectConfigurationPlatforms) = postSolution
		{83ECCDEC-A8FC-4953-BA1B-C88F98826539}.Debug|x64.ActiveCfg = Debug|x64
		{83ECCDEC-A8FC-4953-BA1B-C88F98826539}.Debug|x64.Build.0 = Debug|x64
		{83ECCDEC-A8FC-4953-BA1B-C88F98826539}.Debug|x86.ActiveCfg = Debug|Win32
		{83ECCDEC-A8FC-4953-BA1B-C88F98826539}.Debug|x86.Build.0 = Debug|Win32
		{83ECCDEC-A8FC-4953-BA1B-C88F98826539}.Release|x64.ActiveCfg = Release|x64
		{83ECCDEC-A8FC-4953-BA1B-C88F98826539}.Release|x64.Build.0 = Release|x64
		{83ECCDEC-A8FC-4953-BA1B-C88F98826539}.Release|x86.ActiveCfg = Release|Win32
		{83ECCDEC-A8FC-4953-BA1B-C88F98826539}.Release|x86.Build.0 = Release|Win32
		{791F362F-3BFE-4172-9A89-B24E3E4153CC}.Debug|x64.ActiveCfg = Debug|x64
		{791F362F-3BFE-4172-9A89-B24E3E4153CC}.Debug|x64.Build.0 = Debug|x64
		{791F362F-3BFE-4172-9A89-B24E3E4153CC}.Debug|x86.ActiveCfg = Debug|Win32
		{791F362F-3BFE-4172-9A89-B24E3E4153CC}.Debug|x86.Build.0 = Debug|Win32
		{791F362F-3BFE-4172-9A89-B24E3E4153CC}.Release|x64.ActiveCfg = Release|x64
		{791F362F-3BFE-4172-9A89-B24E3E4153CC}.Release|x64.Build.0 = Release|x64
		{791F362F-3BFE-4172-9A89-B24E3E4153CC}.Release|x86.ActiveCfg = Release|Win32
		{791F362F-3BFE-4172-9A89-B24E3E4153CC}.Release|x86.Build.0 = Release|Win32
	EndGlobalSection
	GlobalSection(SolutionProperties) = preSolution
		HideSolutionNode = FALSE
	EndGlobalSection
EndGlobal
