
Microsoft Visual Studio Solution File, Format Version 12.00
# Visual Studio 14
VisualStudioVersion = 14.0.23107.0
MinimumVisualStudioVersion = 10.0.40219.1
Project("{8BC9CEB8-8B4A-11D0-8D11-00A0C91BC942}") = "BreadthFirstSearch", "BreadthFirstSearch\BreadthFirstSearch.vcxproj", "{83ECCDEC-A8FC-4953-BA1B-C88F98826539}"
EndProject
Project("{8BC9CEB8-8B4A-11D0-8D11-00A0C91BC942}") = "NumberOperations", "NumbersOperations\NumbersOperations.vcxproj", "{791F362F-3BFE-4172-9A89-B24E3E4153CC}"
EndProject
Project("{8BC9CEB8-8B4A-11D0-8D11-00A0C91BC942}") = "WendyMinDistance", "WendyMinDistance\WendyMinDistance.vcxproj", "{DB458EC2-3B13-424B-B307-07B4F4C0628E}"
EndProject
Project("{8BC9CEB8-8B4A-11D0-8D11-00A0C91BC942}") = "WendyIterator", "WendyIterator\WendyIterator.vcxproj", "{5EE94581-2601-46CA-BCFE-BACFF713380C}"
EndProject
Project("{FAE04EC0-301F-11D3-BF4B-00C04F79EFBC}") = "ChainInspectionCSharp", "ChainInspection\ChainInspectionCSharp.csproj", "{E95FD35E-3DA4-452A-A102-8952B3559BD4}"
EndProject
Project("{8BC9CEB8-8B4A-11D0-8D11-00A0C91BC942}") = "Lockers", "Lockers\Lockers.vcxproj", "{B95B3888-791A-4F56-BAEE-69BEBE3E534E}"
EndProject
Project("{FAE04EC0-301F-11D3-BF4B-00C04F79EFBC}") = "Courses", "Courses\Courses.csproj", "{B9279FC8-1815-4524-86BA-270EBE57153D}"
EndProject
Global
	GlobalSection(SolutionConfigurationPlatforms) = preSolution
		Debug|Any CPU = Debug|Any CPU
		Debug|x64 = Debug|x64
		Debug|x86 = Debug|x86
		Release|Any CPU = Release|Any CPU
		Release|x64 = Release|x64
		Release|x86 = Release|x86
	EndGlobalSection
	GlobalSection(ProjectConfigurationPlatforms) = postSolution
		{83ECCDEC-A8FC-4953-BA1B-C88F98826539}.Debug|Any CPU.ActiveCfg = Debug|Win32
		{83ECCDEC-A8FC-4953-BA1B-C88F98826539}.Debug|x64.ActiveCfg = Debug|x64
		{83ECCDEC-A8FC-4953-BA1B-C88F98826539}.Debug|x64.Build.0 = Debug|x64
		{83ECCDEC-A8FC-4953-BA1B-C88F98826539}.Debug|x86.ActiveCfg = Debug|Win32
		{83ECCDEC-A8FC-4953-BA1B-C88F98826539}.Debug|x86.Build.0 = Debug|Win32
		{83ECCDEC-A8FC-4953-BA1B-C88F98826539}.Release|Any CPU.ActiveCfg = Release|Win32
		{83ECCDEC-A8FC-4953-BA1B-C88F98826539}.Release|x64.ActiveCfg = Release|x64
		{83ECCDEC-A8FC-4953-BA1B-C88F98826539}.Release|x64.Build.0 = Release|x64
		{83ECCDEC-A8FC-4953-BA1B-C88F98826539}.Release|x86.ActiveCfg = Release|Win32
		{83ECCDEC-A8FC-4953-BA1B-C88F98826539}.Release|x86.Build.0 = Release|Win32
		{791F362F-3BFE-4172-9A89-B24E3E4153CC}.Debug|Any CPU.ActiveCfg = Debug|Win32
		{791F362F-3BFE-4172-9A89-B24E3E4153CC}.Debug|x64.ActiveCfg = Debug|x64
		{791F362F-3BFE-4172-9A89-B24E3E4153CC}.Debug|x64.Build.0 = Debug|x64
		{791F362F-3BFE-4172-9A89-B24E3E4153CC}.Debug|x86.ActiveCfg = Debug|Win32
		{791F362F-3BFE-4172-9A89-B24E3E4153CC}.Debug|x86.Build.0 = Debug|Win32
		{791F362F-3BFE-4172-9A89-B24E3E4153CC}.Release|Any CPU.ActiveCfg = Release|Win32
		{791F362F-3BFE-4172-9A89-B24E3E4153CC}.Release|x64.ActiveCfg = Release|x64
		{791F362F-3BFE-4172-9A89-B24E3E4153CC}.Release|x64.Build.0 = Release|x64
		{791F362F-3BFE-4172-9A89-B24E3E4153CC}.Release|x86.ActiveCfg = Release|Win32
		{791F362F-3BFE-4172-9A89-B24E3E4153CC}.Release|x86.Build.0 = Release|Win32
		{DB458EC2-3B13-424B-B307-07B4F4C0628E}.Debug|Any CPU.ActiveCfg = Debug|Win32
		{DB458EC2-3B13-424B-B307-07B4F4C0628E}.Debug|x64.ActiveCfg = Debug|x64
		{DB458EC2-3B13-424B-B307-07B4F4C0628E}.Debug|x64.Build.0 = Debug|x64
		{DB458EC2-3B13-424B-B307-07B4F4C0628E}.Debug|x86.ActiveCfg = Debug|Win32
		{DB458EC2-3B13-424B-B307-07B4F4C0628E}.Debug|x86.Build.0 = Debug|Win32
		{DB458EC2-3B13-424B-B307-07B4F4C0628E}.Release|Any CPU.ActiveCfg = Release|Win32
		{DB458EC2-3B13-424B-B307-07B4F4C0628E}.Release|x64.ActiveCfg = Release|x64
		{DB458EC2-3B13-424B-B307-07B4F4C0628E}.Release|x64.Build.0 = Release|x64
		{DB458EC2-3B13-424B-B307-07B4F4C0628E}.Release|x86.ActiveCfg = Release|Win32
		{DB458EC2-3B13-424B-B307-07B4F4C0628E}.Release|x86.Build.0 = Release|Win32
		{5EE94581-2601-46CA-BCFE-BACFF713380C}.Debug|Any CPU.ActiveCfg = Debug|Win32
		{5EE94581-2601-46CA-BCFE-BACFF713380C}.Debug|x64.ActiveCfg = Debug|x64
		{5EE94581-2601-46CA-BCFE-BACFF713380C}.Debug|x64.Build.0 = Debug|x64
		{5EE94581-2601-46CA-BCFE-BACFF713380C}.Debug|x86.ActiveCfg = Debug|Win32
		{5EE94581-2601-46CA-BCFE-BACFF713380C}.Debug|x86.Build.0 = Debug|Win32
		{5EE94581-2601-46CA-BCFE-BACFF713380C}.Release|Any CPU.ActiveCfg = Release|Win32
		{5EE94581-2601-46CA-BCFE-BACFF713380C}.Release|x64.ActiveCfg = Release|x64
		{5EE94581-2601-46CA-BCFE-BACFF713380C}.Release|x64.Build.0 = Release|x64
		{5EE94581-2601-46CA-BCFE-BACFF713380C}.Release|x86.ActiveCfg = Release|Win32
		{5EE94581-2601-46CA-BCFE-BACFF713380C}.Release|x86.Build.0 = Release|Win32
		{E95FD35E-3DA4-452A-A102-8952B3559BD4}.Debug|Any CPU.ActiveCfg = Debug|Any CPU
		{E95FD35E-3DA4-452A-A102-8952B3559BD4}.Debug|Any CPU.Build.0 = Debug|Any CPU
		{E95FD35E-3DA4-452A-A102-8952B3559BD4}.Debug|x64.ActiveCfg = Debug|Any CPU
		{E95FD35E-3DA4-452A-A102-8952B3559BD4}.Debug|x64.Build.0 = Debug|Any CPU
		{E95FD35E-3DA4-452A-A102-8952B3559BD4}.Debug|x86.ActiveCfg = Debug|Any CPU
		{E95FD35E-3DA4-452A-A102-8952B3559BD4}.Debug|x86.Build.0 = Debug|Any CPU
		{E95FD35E-3DA4-452A-A102-8952B3559BD4}.Release|Any CPU.ActiveCfg = Release|Any CPU
		{E95FD35E-3DA4-452A-A102-8952B3559BD4}.Release|Any CPU.Build.0 = Release|Any CPU
		{E95FD35E-3DA4-452A-A102-8952B3559BD4}.Release|x64.ActiveCfg = Release|Any CPU
		{E95FD35E-3DA4-452A-A102-8952B3559BD4}.Release|x64.Build.0 = Release|Any CPU
		{E95FD35E-3DA4-452A-A102-8952B3559BD4}.Release|x86.ActiveCfg = Release|Any CPU
		{E95FD35E-3DA4-452A-A102-8952B3559BD4}.Release|x86.Build.0 = Release|Any CPU
		{B95B3888-791A-4F56-BAEE-69BEBE3E534E}.Debug|Any CPU.ActiveCfg = Debug|Win32
		{B95B3888-791A-4F56-BAEE-69BEBE3E534E}.Debug|x64.ActiveCfg = Debug|x64
		{B95B3888-791A-4F56-BAEE-69BEBE3E534E}.Debug|x64.Build.0 = Debug|x64
		{B95B3888-791A-4F56-BAEE-69BEBE3E534E}.Debug|x86.ActiveCfg = Debug|Win32
		{B95B3888-791A-4F56-BAEE-69BEBE3E534E}.Debug|x86.Build.0 = Debug|Win32
		{B95B3888-791A-4F56-BAEE-69BEBE3E534E}.Release|Any CPU.ActiveCfg = Release|Win32
		{B95B3888-791A-4F56-BAEE-69BEBE3E534E}.Release|x64.ActiveCfg = Release|x64
		{B95B3888-791A-4F56-BAEE-69BEBE3E534E}.Release|x64.Build.0 = Release|x64
		{B95B3888-791A-4F56-BAEE-69BEBE3E534E}.Release|x86.ActiveCfg = Release|Win32
		{B95B3888-791A-4F56-BAEE-69BEBE3E534E}.Release|x86.Build.0 = Release|Win32
		{B9279FC8-1815-4524-86BA-270EBE57153D}.Debug|Any CPU.ActiveCfg = Debug|Any CPU
		{B9279FC8-1815-4524-86BA-270EBE57153D}.Debug|Any CPU.Build.0 = Debug|Any CPU
		{B9279FC8-1815-4524-86BA-270EBE57153D}.Debug|x64.ActiveCfg = Debug|Any CPU
		{B9279FC8-1815-4524-86BA-270EBE57153D}.Debug|x64.Build.0 = Debug|Any CPU
		{B9279FC8-1815-4524-86BA-270EBE57153D}.Debug|x86.ActiveCfg = Debug|Any CPU
		{B9279FC8-1815-4524-86BA-270EBE57153D}.Debug|x86.Build.0 = Debug|Any CPU
		{B9279FC8-1815-4524-86BA-270EBE57153D}.Release|Any CPU.ActiveCfg = Release|Any CPU
		{B9279FC8-1815-4524-86BA-270EBE57153D}.Release|Any CPU.Build.0 = Release|Any CPU
		{B9279FC8-1815-4524-86BA-270EBE57153D}.Release|x64.ActiveCfg = Release|Any CPU
		{B9279FC8-1815-4524-86BA-270EBE57153D}.Release|x64.Build.0 = Release|Any CPU
		{B9279FC8-1815-4524-86BA-270EBE57153D}.Release|x86.ActiveCfg = Release|Any CPU
		{B9279FC8-1815-4524-86BA-270EBE57153D}.Release|x86.Build.0 = Release|Any CPU
	EndGlobalSection
	GlobalSection(SolutionProperties) = preSolution
		HideSolutionNode = FALSE
	EndGlobalSection
EndGlobal
