
Microsoft Visual Studio Solution File, Format Version 12.00
# Visual Studio 14
VisualStudioVersion = 14.0.24720.0
MinimumVisualStudioVersion = 10.0.40219.1
Project("{FAE04EC0-301F-11D3-BF4B-00C04F79EFBC}") = "Threads", "Threads\Threads.csproj", "{406D7B5C-1D25-4010-9873-7F6C1E34F513}"
EndProject
Project("{FAE04EC0-301F-11D3-BF4B-00C04F79EFBC}") = "ManageMultithreading", "ManageMultithreading\ManageMultithreading.csproj", "{78AE9361-A6D9-48B0-9E93-17233DE8041A}"
EndProject
Project("{FAE04EC0-301F-11D3-BF4B-00C04F79EFBC}") = "EventsAndCallbacks", "EventsAndCallbacks\EventsAndCallbacks.csproj", "{3FEBC3B0-8458-4F6A-994D-0CD2E967F0BA}"
EndProject
Project("{FAE04EC0-301F-11D3-BF4B-00C04F79EFBC}") = "Exceptions", "Exceptions\Exceptions.csproj", "{FA336302-21C4-4D9B-A215-BF9D133B8FA9}"
EndProject
Global
	GlobalSection(SolutionConfigurationPlatforms) = preSolution
		Debug|Any CPU = Debug|Any CPU
		Release|Any CPU = Release|Any CPU
	EndGlobalSection
	GlobalSection(ProjectConfigurationPlatforms) = postSolution
		{406D7B5C-1D25-4010-9873-7F6C1E34F513}.Debug|Any CPU.ActiveCfg = Debug|Any CPU
		{406D7B5C-1D25-4010-9873-7F6C1E34F513}.Debug|Any CPU.Build.0 = Debug|Any CPU
		{406D7B5C-1D25-4010-9873-7F6C1E34F513}.Release|Any CPU.ActiveCfg = Release|Any CPU
		{406D7B5C-1D25-4010-9873-7F6C1E34F513}.Release|Any CPU.Build.0 = Release|Any CPU
		{78AE9361-A6D9-48B0-9E93-17233DE8041A}.Debug|Any CPU.ActiveCfg = Debug|Any CPU
		{78AE9361-A6D9-48B0-9E93-17233DE8041A}.Debug|Any CPU.Build.0 = Debug|Any CPU
		{78AE9361-A6D9-48B0-9E93-17233DE8041A}.Release|Any CPU.ActiveCfg = Release|Any CPU
		{78AE9361-A6D9-48B0-9E93-17233DE8041A}.Release|Any CPU.Build.0 = Release|Any CPU
		{3FEBC3B0-8458-4F6A-994D-0CD2E967F0BA}.Debug|Any CPU.ActiveCfg = Debug|Any CPU
		{3FEBC3B0-8458-4F6A-994D-0CD2E967F0BA}.Debug|Any CPU.Build.0 = Debug|Any CPU
		{3FEBC3B0-8458-4F6A-994D-0CD2E967F0BA}.Release|Any CPU.ActiveCfg = Release|Any CPU
		{3FEBC3B0-8458-4F6A-994D-0CD2E967F0BA}.Release|Any CPU.Build.0 = Release|Any CPU
		{FA336302-21C4-4D9B-A215-BF9D133B8FA9}.Debug|Any CPU.ActiveCfg = Debug|Any CPU
		{FA336302-21C4-4D9B-A215-BF9D133B8FA9}.Debug|Any CPU.Build.0 = Debug|Any CPU
		{FA336302-21C4-4D9B-A215-BF9D133B8FA9}.Release|Any CPU.ActiveCfg = Release|Any CPU
		{FA336302-21C4-4D9B-A215-BF9D133B8FA9}.Release|Any CPU.Build.0 = Release|Any CPU
	EndGlobalSection
	GlobalSection(SolutionProperties) = preSolution
		HideSolutionNode = FALSE
	EndGlobalSection
EndGlobal
